// !$*UTF8*$!
{
	archiveVersion = 1;
	classes = {
	};
	objectVersion = 50;
	objects = {

/* Begin PBXBuildFile section */
		D249AC452515F90F00866F95 /* AppDelegate.swift in Sources */ = {isa = PBXBuildFile; fileRef = D249AC442515F90F00866F95 /* AppDelegate.swift */; };
		D249AC472515F90F00866F95 /* SceneDelegate.swift in Sources */ = {isa = PBXBuildFile; fileRef = D249AC462515F90F00866F95 /* SceneDelegate.swift */; };
		D249AC4E2515F91300866F95 /* Assets.xcassets in Resources */ = {isa = PBXBuildFile; fileRef = D249AC4D2515F91300866F95 /* Assets.xcassets */; };
		D249AC512515F91300866F95 /* LaunchScreen.storyboard in Resources */ = {isa = PBXBuildFile; fileRef = D249AC4F2515F91300866F95 /* LaunchScreen.storyboard */; };
		D249AC592516012E00866F95 /* SearchViewController.swift in Sources */ = {isa = PBXBuildFile; fileRef = D249AC582516012E00866F95 /* SearchViewController.swift */; };
		D249AC5B2516015F00866F95 /* FavoritesViewController.swift in Sources */ = {isa = PBXBuildFile; fileRef = D249AC5A2516015F00866F95 /* FavoritesViewController.swift */; };
		D249AC5D251609AB00866F95 /* GFButton.swift in Sources */ = {isa = PBXBuildFile; fileRef = D249AC5C251609AB00866F95 /* GFButton.swift */; };
		D249AC5F25160D7C00866F95 /* GFTextField.swift in Sources */ = {isa = PBXBuildFile; fileRef = D249AC5E25160D7C00866F95 /* GFTextField.swift */; };
		D249AC612516198800866F95 /* FollowersViewController.swift in Sources */ = {isa = PBXBuildFile; fileRef = D249AC602516198800866F95 /* FollowersViewController.swift */; };
		D249AC63251620F200866F95 /* GFTitleLabel.swift in Sources */ = {isa = PBXBuildFile; fileRef = D249AC62251620F200866F95 /* GFTitleLabel.swift */; };
		D249AC652516228500866F95 /* GFBodyLabel.swift in Sources */ = {isa = PBXBuildFile; fileRef = D249AC642516228500866F95 /* GFBodyLabel.swift */; };
		D249AC672516239B00866F95 /* GFAlertViewController.swift in Sources */ = {isa = PBXBuildFile; fileRef = D249AC662516239B00866F95 /* GFAlertViewController.swift */; };
		D249AC6925162FD600866F95 /* UIViewController+Extension.swift in Sources */ = {isa = PBXBuildFile; fileRef = D249AC6825162FD600866F95 /* UIViewController+Extension.swift */; };
		D27F21D6251669F200C970D8 /* Follower.swift in Sources */ = {isa = PBXBuildFile; fileRef = D27F21D5251669F200C970D8 /* Follower.swift */; };
		D27F21D825166A7B00C970D8 /* User.swift in Sources */ = {isa = PBXBuildFile; fileRef = D27F21D725166A7B00C970D8 /* User.swift */; };
/* End PBXBuildFile section */

/* Begin PBXFileReference section */
		D249AC412515F90F00866F95 /* GHFollowers.app */ = {isa = PBXFileReference; explicitFileType = wrapper.application; includeInIndex = 0; path = GHFollowers.app; sourceTree = BUILT_PRODUCTS_DIR; };
		D249AC442515F90F00866F95 /* AppDelegate.swift */ = {isa = PBXFileReference; lastKnownFileType = sourcecode.swift; path = AppDelegate.swift; sourceTree = "<group>"; };
		D249AC462515F90F00866F95 /* SceneDelegate.swift */ = {isa = PBXFileReference; lastKnownFileType = sourcecode.swift; path = SceneDelegate.swift; sourceTree = "<group>"; };
		D249AC4D2515F91300866F95 /* Assets.xcassets */ = {isa = PBXFileReference; lastKnownFileType = folder.assetcatalog; path = Assets.xcassets; sourceTree = "<group>"; };
		D249AC502515F91300866F95 /* Base */ = {isa = PBXFileReference; lastKnownFileType = file.storyboard; name = Base; path = Base.lproj/LaunchScreen.storyboard; sourceTree = "<group>"; };
		D249AC522515F91300866F95 /* Info.plist */ = {isa = PBXFileReference; lastKnownFileType = text.plist.xml; path = Info.plist; sourceTree = "<group>"; };
		D249AC582516012E00866F95 /* SearchViewController.swift */ = {isa = PBXFileReference; lastKnownFileType = sourcecode.swift; path = SearchViewController.swift; sourceTree = "<group>"; };
		D249AC5A2516015F00866F95 /* FavoritesViewController.swift */ = {isa = PBXFileReference; lastKnownFileType = sourcecode.swift; path = FavoritesViewController.swift; sourceTree = "<group>"; };
		D249AC5C251609AB00866F95 /* GFButton.swift */ = {isa = PBXFileReference; lastKnownFileType = sourcecode.swift; path = GFButton.swift; sourceTree = "<group>"; };
		D249AC5E25160D7C00866F95 /* GFTextField.swift */ = {isa = PBXFileReference; lastKnownFileType = sourcecode.swift; path = GFTextField.swift; sourceTree = "<group>"; };
		D249AC602516198800866F95 /* FollowersViewController.swift */ = {isa = PBXFileReference; lastKnownFileType = sourcecode.swift; path = FollowersViewController.swift; sourceTree = "<group>"; };
		D249AC62251620F200866F95 /* GFTitleLabel.swift */ = {isa = PBXFileReference; lastKnownFileType = sourcecode.swift; path = GFTitleLabel.swift; sourceTree = "<group>"; };
		D249AC642516228500866F95 /* GFBodyLabel.swift */ = {isa = PBXFileReference; lastKnownFileType = sourcecode.swift; path = GFBodyLabel.swift; sourceTree = "<group>"; };
		D249AC662516239B00866F95 /* GFAlertViewController.swift */ = {isa = PBXFileReference; lastKnownFileType = sourcecode.swift; path = GFAlertViewController.swift; sourceTree = "<group>"; };
		D249AC6825162FD600866F95 /* UIViewController+Extension.swift */ = {isa = PBXFileReference; lastKnownFileType = sourcecode.swift; path = "UIViewController+Extension.swift"; sourceTree = "<group>"; };
		D27F21D5251669F200C970D8 /* Follower.swift */ = {isa = PBXFileReference; lastKnownFileType = sourcecode.swift; path = Follower.swift; sourceTree = "<group>"; };
		D27F21D725166A7B00C970D8 /* User.swift */ = {isa = PBXFileReference; lastKnownFileType = sourcecode.swift; path = User.swift; sourceTree = "<group>"; };
/* End PBXFileReference section */

/* Begin PBXFrameworksBuildPhase section */
		D249AC3E2515F90F00866F95 /* Frameworks */ = {
			isa = PBXFrameworksBuildPhase;
			buildActionMask = 2147483647;
			files = (
			);
			runOnlyForDeploymentPostprocessing = 0;
		};
/* End PBXFrameworksBuildPhase section */

/* Begin PBXGroup section */
		D249AC382515F90F00866F95 = {
			isa = PBXGroup;
			children = (
				D249AC432515F90F00866F95 /* GHFollowers */,
				D249AC422515F90F00866F95 /* Products */,
			);
			sourceTree = "<group>";
		};
		D249AC422515F90F00866F95 /* Products */ = {
			isa = PBXGroup;
			children = (
				D249AC412515F90F00866F95 /* GHFollowers.app */,
			);
			name = Products;
			sourceTree = "<group>";
		};
		D249AC432515F90F00866F95 /* GHFollowers */ = {
			isa = PBXGroup;
			children = (
				D27F21CE251664DB00C970D8 /* Models */,
				D27F21CF251664EC00C970D8 /* Views */,
				D27F21D0251664F800C970D8 /* Controllers */,
				D27F21D32516657100C970D8 /* Utilities */,
				D27F21D22516653200C970D8 /* Supporting Files */,
				D249AC4D2515F91300866F95 /* Assets.xcassets */,
				D249AC522515F91300866F95 /* Info.plist */,
			);
			path = GHFollowers;
			sourceTree = "<group>";
		};
		D27F21CE251664DB00C970D8 /* Models */ = {
			isa = PBXGroup;
			children = (
				D27F21D5251669F200C970D8 /* Follower.swift */,
				D27F21D725166A7B00C970D8 /* User.swift */,
			);
			path = Models;
			sourceTree = "<group>";
		};
		D27F21CF251664EC00C970D8 /* Views */ = {
			isa = PBXGroup;
			children = (
				D27F21D4251666BD00C970D8 /* Storyboards */,
				D249AC5C251609AB00866F95 /* GFButton.swift */,
				D249AC5E25160D7C00866F95 /* GFTextField.swift */,
				D249AC62251620F200866F95 /* GFTitleLabel.swift */,
				D249AC642516228500866F95 /* GFBodyLabel.swift */,
				D249AC662516239B00866F95 /* GFAlertViewController.swift */,
			);
			path = Views;
			sourceTree = "<group>";
		};
		D27F21D0251664F800C970D8 /* Controllers */ = {
			isa = PBXGroup;
			children = (
				D249AC582516012E00866F95 /* SearchViewController.swift */,
				D249AC5A2516015F00866F95 /* FavoritesViewController.swift */,
				D249AC602516198800866F95 /* FollowersViewController.swift */,
			);
			path = Controllers;
			sourceTree = "<group>";
		};
		D27F21D22516653200C970D8 /* Supporting Files */ = {
			isa = PBXGroup;
			children = (
				D249AC442515F90F00866F95 /* AppDelegate.swift */,
				D249AC462515F90F00866F95 /* SceneDelegate.swift */,
			);
			path = "Supporting Files";
			sourceTree = "<group>";
		};
		D27F21D32516657100C970D8 /* Utilities */ = {
			isa = PBXGroup;
			children = (
				D249AC6825162FD600866F95 /* UIViewController+Extension.swift */,
			);
			path = Utilities;
			sourceTree = "<group>";
		};
		D27F21D4251666BD00C970D8 /* Storyboards */ = {
			isa = PBXGroup;
			children = (
				D249AC4F2515F91300866F95 /* LaunchScreen.storyboard */,
			);
			path = Storyboards;
			sourceTree = "<group>";
		};
/* End PBXGroup section */

/* Begin PBXNativeTarget section */
		D249AC402515F90F00866F95 /* GHFollowers */ = {
			isa = PBXNativeTarget;
			buildConfigurationList = D249AC552515F91300866F95 /* Build configuration list for PBXNativeTarget "GHFollowers" */;
			buildPhases = (
				D249AC3D2515F90F00866F95 /* Sources */,
				D249AC3E2515F90F00866F95 /* Frameworks */,
				D249AC3F2515F90F00866F95 /* Resources */,
			);
			buildRules = (
			);
			dependencies = (
			);
			name = GHFollowers;
			productName = GHFollowers;
			productReference = D249AC412515F90F00866F95 /* GHFollowers.app */;
			productType = "com.apple.product-type.application";
		};
/* End PBXNativeTarget section */

/* Begin PBXProject section */
		D249AC392515F90F00866F95 /* Project object */ = {
			isa = PBXProject;
			attributes = {
				LastSwiftUpdateCheck = 1150;
				LastUpgradeCheck = 1150;
				ORGANIZATIONNAME = "Ufuk Canlı";
				TargetAttributes = {
					D249AC402515F90F00866F95 = {
						CreatedOnToolsVersion = 11.5;
					};
				};
			};
			buildConfigurationList = D249AC3C2515F90F00866F95 /* Build configuration list for PBXProject "GHFollowers" */;
			compatibilityVersion = "Xcode 9.3";
			developmentRegion = en;
			hasScannedForEncodings = 0;
			knownRegions = (
				en,
				Base,
			);
			mainGroup = D249AC382515F90F00866F95;
			productRefGroup = D249AC422515F90F00866F95 /* Products */;
			projectDirPath = "";
			projectRoot = "";
			targets = (
				D249AC402515F90F00866F95 /* GHFollowers */,
			);
		};
/* End PBXProject section */

/* Begin PBXResourcesBuildPhase section */
		D249AC3F2515F90F00866F95 /* Resources */ = {
			isa = PBXResourcesBuildPhase;
			buildActionMask = 2147483647;
			files = (
				D249AC512515F91300866F95 /* LaunchScreen.storyboard in Resources */,
				D249AC4E2515F91300866F95 /* Assets.xcassets in Resources */,
			);
			runOnlyForDeploymentPostprocessing = 0;
		};
/* End PBXResourcesBuildPhase section */

/* Begin PBXSourcesBuildPhase section */
		D249AC3D2515F90F00866F95 /* Sources */ = {
			isa = PBXSourcesBuildPhase;
			buildActionMask = 2147483647;
			files = (
				D27F21D825166A7B00C970D8 /* User.swift in Sources */,
				D249AC5B2516015F00866F95 /* FavoritesViewController.swift in Sources */,
				D249AC6925162FD600866F95 /* UIViewController+Extension.swift in Sources */,
				D249AC5D251609AB00866F95 /* GFButton.swift in Sources */,
				D249AC452515F90F00866F95 /* AppDelegate.swift in Sources */,
				D249AC612516198800866F95 /* FollowersViewController.swift in Sources */,
				D249AC672516239B00866F95 /* GFAlertViewController.swift in Sources */,
				D249AC592516012E00866F95 /* SearchViewController.swift in Sources */,
				D27F21D6251669F200C970D8 /* Follower.swift in Sources */,
				D249AC63251620F200866F95 /* GFTitleLabel.swift in Sources */,
				D249AC472515F90F00866F95 /* SceneDelegate.swift in Sources */,
				D249AC5F25160D7C00866F95 /* GFTextField.swift in Sources */,
				D249AC652516228500866F95 /* GFBodyLabel.swift in Sources */,
			);
			runOnlyForDeploymentPostprocessing = 0;
		};
/* End PBXSourcesBuildPhase section */

/* Begin PBXVariantGroup section */
		D249AC4F2515F91300866F95 /* LaunchScreen.storyboard */ = {
			isa = PBXVariantGroup;
			children = (
				D249AC502515F91300866F95 /* Base */,
			);
			name = LaunchScreen.storyboard;
			sourceTree = "<group>";
		};
/* End PBXVariantGroup section */

/* Begin XCBuildConfiguration section */
		D249AC532515F91300866F95 /* Debug */ = {
			isa = XCBuildConfiguration;
			buildSettings = {
				ALWAYS_SEARCH_USER_PATHS = NO;
				CLANG_ANALYZER_NONNULL = YES;
				CLANG_ANALYZER_NUMBER_OBJECT_CONVERSION = YES_AGGRESSIVE;
				CLANG_CXX_LANGUAGE_STANDARD = "gnu++14";
				CLANG_CXX_LIBRARY = "libc++";
				CLANG_ENABLE_MODULES = YES;
				CLANG_ENABLE_OBJC_ARC = YES;
				CLANG_ENABLE_OBJC_WEAK = YES;
				CLANG_WARN_BLOCK_CAPTURE_AUTORELEASING = YES;
				CLANG_WARN_BOOL_CONVERSION = YES;
				CLANG_WARN_COMMA = YES;
				CLANG_WARN_CONSTANT_CONVERSION = YES;
				CLANG_WARN_DEPRECATED_OBJC_IMPLEMENTATIONS = YES;
				CLANG_WARN_DIRECT_OBJC_ISA_USAGE = YES_ERROR;
				CLANG_WARN_DOCUMENTATION_COMMENTS = YES;
				CLANG_WARN_EMPTY_BODY = YES;
				CLANG_WARN_ENUM_CONVERSION = YES;
				CLANG_WARN_INFINITE_RECURSION = YES;
				CLANG_WARN_INT_CONVERSION = YES;
				CLANG_WARN_NON_LITERAL_NULL_CONVERSION = YES;
				CLANG_WARN_OBJC_IMPLICIT_RETAIN_SELF = YES;
				CLANG_WARN_OBJC_LITERAL_CONVERSION = YES;
				CLANG_WARN_OBJC_ROOT_CLASS = YES_ERROR;
				CLANG_WARN_RANGE_LOOP_ANALYSIS = YES;
				CLANG_WARN_STRICT_PROTOTYPES = YES;
				CLANG_WARN_SUSPICIOUS_MOVE = YES;
				CLANG_WARN_UNGUARDED_AVAILABILITY = YES_AGGRESSIVE;
				CLANG_WARN_UNREACHABLE_CODE = YES;
				CLANG_WARN__DUPLICATE_METHOD_MATCH = YES;
				COPY_PHASE_STRIP = NO;
				DEBUG_INFORMATION_FORMAT = dwarf;
				ENABLE_STRICT_OBJC_MSGSEND = YES;
				ENABLE_TESTABILITY = YES;
				GCC_C_LANGUAGE_STANDARD = gnu11;
				GCC_DYNAMIC_NO_PIC = NO;
				GCC_NO_COMMON_BLOCKS = YES;
				GCC_OPTIMIZATION_LEVEL = 0;
				GCC_PREPROCESSOR_DEFINITIONS = (
					"DEBUG=1",
					"$(inherited)",
				);
				GCC_WARN_64_TO_32_BIT_CONVERSION = YES;
				GCC_WARN_ABOUT_RETURN_TYPE = YES_ERROR;
				GCC_WARN_UNDECLARED_SELECTOR = YES;
				GCC_WARN_UNINITIALIZED_AUTOS = YES_AGGRESSIVE;
				GCC_WARN_UNUSED_FUNCTION = YES;
				GCC_WARN_UNUSED_VARIABLE = YES;
				IPHONEOS_DEPLOYMENT_TARGET = 13.5;
				MTL_ENABLE_DEBUG_INFO = INCLUDE_SOURCE;
				MTL_FAST_MATH = YES;
				ONLY_ACTIVE_ARCH = YES;
				SDKROOT = iphoneos;
				SWIFT_ACTIVE_COMPILATION_CONDITIONS = DEBUG;
				SWIFT_OPTIMIZATION_LEVEL = "-Onone";
			};
			name = Debug;
		};
		D249AC542515F91300866F95 /* Release */ = {
			isa = XCBuildConfiguration;
			buildSettings = {
				ALWAYS_SEARCH_USER_PATHS = NO;
				CLANG_ANALYZER_NONNULL = YES;
				CLANG_ANALYZER_NUMBER_OBJECT_CONVERSION = YES_AGGRESSIVE;
				CLANG_CXX_LANGUAGE_STANDARD = "gnu++14";
				CLANG_CXX_LIBRARY = "libc++";
				CLANG_ENABLE_MODULES = YES;
				CLANG_ENABLE_OBJC_ARC = YES;
				CLANG_ENABLE_OBJC_WEAK = YES;
				CLANG_WARN_BLOCK_CAPTURE_AUTORELEASING = YES;
				CLANG_WARN_BOOL_CONVERSION = YES;
				CLANG_WARN_COMMA = YES;
				CLANG_WARN_CONSTANT_CONVERSION = YES;
				CLANG_WARN_DEPRECATED_OBJC_IMPLEMENTATIONS = YES;
				CLANG_WARN_DIRECT_OBJC_ISA_USAGE = YES_ERROR;
				CLANG_WARN_DOCUMENTATION_COMMENTS = YES;
				CLANG_WARN_EMPTY_BODY = YES;
				CLANG_WARN_ENUM_CONVERSION = YES;
				CLANG_WARN_INFINITE_RECURSION = YES;
				CLANG_WARN_INT_CONVERSION = YES;
				CLANG_WARN_NON_LITERAL_NULL_CONVERSION = YES;
				CLANG_WARN_OBJC_IMPLICIT_RETAIN_SELF = YES;
				CLANG_WARN_OBJC_LITERAL_CONVERSION = YES;
				CLANG_WARN_OBJC_ROOT_CLASS = YES_ERROR;
				CLANG_WARN_RANGE_LOOP_ANALYSIS = YES;
				CLANG_WARN_STRICT_PROTOTYPES = YES;
				CLANG_WARN_SUSPICIOUS_MOVE = YES;
				CLANG_WARN_UNGUARDED_AVAILABILITY = YES_AGGRESSIVE;
				CLANG_WARN_UNREACHABLE_CODE = YES;
				CLANG_WARN__DUPLICATE_METHOD_MATCH = YES;
				COPY_PHASE_STRIP = NO;
				DEBUG_INFORMATION_FORMAT = "dwarf-with-dsym";
				ENABLE_NS_ASSERTIONS = NO;
				ENABLE_STRICT_OBJC_MSGSEND = YES;
				GCC_C_LANGUAGE_STANDARD = gnu11;
				GCC_NO_COMMON_BLOCKS = YES;
				GCC_WARN_64_TO_32_BIT_CONVERSION = YES;
				GCC_WARN_ABOUT_RETURN_TYPE = YES_ERROR;
				GCC_WARN_UNDECLARED_SELECTOR = YES;
				GCC_WARN_UNINITIALIZED_AUTOS = YES_AGGRESSIVE;
				GCC_WARN_UNUSED_FUNCTION = YES;
				GCC_WARN_UNUSED_VARIABLE = YES;
				IPHONEOS_DEPLOYMENT_TARGET = 13.5;
				MTL_ENABLE_DEBUG_INFO = NO;
				MTL_FAST_MATH = YES;
				SDKROOT = iphoneos;
				SWIFT_COMPILATION_MODE = wholemodule;
				SWIFT_OPTIMIZATION_LEVEL = "-O";
				VALIDATE_PRODUCT = YES;
			};
			name = Release;
		};
		D249AC562515F91300866F95 /* Debug */ = {
			isa = XCBuildConfiguration;
			buildSettings = {
				ASSETCATALOG_COMPILER_APPICON_NAME = AppIcon;
				CODE_SIGN_STYLE = Automatic;
				DEVELOPMENT_TEAM = 7995LB4979;
				INFOPLIST_FILE = GHFollowers/Info.plist;
				LD_RUNPATH_SEARCH_PATHS = (
					"$(inherited)",
					"@executable_path/Frameworks",
				);
				PRODUCT_BUNDLE_IDENTIFIER = com.ufukcanli.GHFollowers;
				PRODUCT_NAME = GHFollowers;
				SWIFT_VERSION = 5.0;
				TARGETED_DEVICE_FAMILY = 1;
			};
			name = Debug;
		};
		D249AC572515F91300866F95 /* Release */ = {
			isa = XCBuildConfiguration;
			buildSettings = {
				ASSETCATALOG_COMPILER_APPICON_NAME = AppIcon;
				CODE_SIGN_STYLE = Automatic;
				DEVELOPMENT_TEAM = 7995LB4979;
				INFOPLIST_FILE = GHFollowers/Info.plist;
				LD_RUNPATH_SEARCH_PATHS = (
					"$(inherited)",
					"@executable_path/Frameworks",
				);
				PRODUCT_BUNDLE_IDENTIFIER = com.ufukcanli.GHFollowers;
				PRODUCT_NAME = GHFollowers;
				SWIFT_VERSION = 5.0;
				TARGETED_DEVICE_FAMILY = 1;
			};
			name = Release;
		};
/* End XCBuildConfiguration section */

/* Begin XCConfigurationList section */
		D249AC3C2515F90F00866F95 /* Build configuration list for PBXProject "GHFollowers" */ = {
			isa = XCConfigurationList;
			buildConfigurations = (
				D249AC532515F91300866F95 /* Debug */,
				D249AC542515F91300866F95 /* Release */,
			);
			defaultConfigurationIsVisible = 0;
			defaultConfigurationName = Release;
		};
		D249AC552515F91300866F95 /* Build configuration list for PBXNativeTarget "GHFollowers" */ = {
			isa = XCConfigurationList;
			buildConfigurations = (
				D249AC562515F91300866F95 /* Debug */,
				D249AC572515F91300866F95 /* Release */,
			);
			defaultConfigurationIsVisible = 0;
			defaultConfigurationName = Release;
		};
/* End XCConfigurationList section */
	};
	rootObject = D249AC392515F90F00866F95 /* Project object */;
}
